
Microsoft Visual Studio Solution File, Format Version 12.00
# Visual Studio Version 17
VisualStudioVersion = 17.5.33530.505
MinimumVisualStudioVersion = 10.0.40219.1
Project("{FAE04EC0-301F-11D3-BF4B-00C04F79EFBC}") = "FrameWriter", "FrameWriter.csproj", "{33B6B3FA-0452-4757-ABF1-7559D859D3F1}"
EndProject
Global
	GlobalSection(SolutionConfigurationPlatforms) = preSolution
		Debug|x64 = Debug|x64
		Release|x64 = Release|x64
	EndGlobalSection
	GlobalSection(ProjectConfigurationPlatforms) = postSolution
		{33B6B3FA-0452-4757-ABF1-7559D859D3F1}.Debug|x64.ActiveCfg = Debug|x64
		{33B6B3FA-0452-4757-ABF1-7559D859D3F1}.Debug|x64.Build.0 = Debug|x64
		{33B6B3FA-0452-4757-ABF1-7559D859D3F1}.Release|x64.ActiveCfg = Release|x64
		{33B6B3FA-0452-4757-ABF1-7559D859D3F1}.Release|x64.Build.0 = Release|x64
	EndGlobalSection
	GlobalSection(SolutionProperties) = preSolution
		HideSolutionNode = FALSE
	EndGlobalSection
	GlobalSection(ExtensibilityGlobals) = postSolution
		SolutionGuid = {1961F7D8-1E06-4E48-97C2-C00F76BD7924}
	EndGlobalSection
EndGlobal
